// !$*UTF8*$!
{
	archiveVersion = 1;
	classes = {
	};
	objectVersion = 50;
	objects = {

/* Begin PBXBuildFile section */
		25629146218DF51E0013C031 /* AppDelegate.swift in Sources */ = {isa = PBXBuildFile; fileRef = 25629145218DF51E0013C031 /* AppDelegate.swift */; };
		25629148218DF51E0013C031 /* ViewController.swift in Sources */ = {isa = PBXBuildFile; fileRef = 25629147218DF51E0013C031 /* ViewController.swift */; };
		2562914B218DF51E0013C031 /* MikiTrack.xcdatamodeld in Sources */ = {isa = PBXBuildFile; fileRef = 25629149218DF51E0013C031 /* MikiTrack.xcdatamodeld */; };
		2562914D218DF51F0013C031 /* Assets.xcassets in Resources */ = {isa = PBXBuildFile; fileRef = 2562914C218DF51F0013C031 /* Assets.xcassets */; };
		25629150218DF51F0013C031 /* Main.storyboard in Resources */ = {isa = PBXBuildFile; fileRef = 2562914E218DF51F0013C031 /* Main.storyboard */; };
		2562915C218DF51F0013C031 /* MikiTrackTests.swift in Sources */ = {isa = PBXBuildFile; fileRef = 2562915B218DF51F0013C031 /* MikiTrackTests.swift */; };
		25629167218DF5200013C031 /* MikiTrackUITests.swift in Sources */ = {isa = PBXBuildFile; fileRef = 25629166218DF5200013C031 /* MikiTrackUITests.swift */; };
/* End PBXBuildFile section */

/* Begin PBXContainerItemProxy section */
		25629158218DF51F0013C031 /* PBXContainerItemProxy */ = {
			isa = PBXContainerItemProxy;
			containerPortal = 2562913A218DF51E0013C031 /* Project object */;
			proxyType = 1;
			remoteGlobalIDString = 25629141218DF51E0013C031;
			remoteInfo = MikiTrack;
		};
		25629163218DF5200013C031 /* PBXContainerItemProxy */ = {
			isa = PBXContainerItemProxy;
			containerPortal = 2562913A218DF51E0013C031 /* Project object */;
			proxyType = 1;
			remoteGlobalIDString = 25629141218DF51E0013C031;
			remoteInfo = MikiTrack;
		};
/* End PBXContainerItemProxy section */

/* Begin PBXFileReference section */
		25629142218DF51E0013C031 /* MikiTrack.app */ = {isa = PBXFileReference; explicitFileType = wrapper.application; includeInIndex = 0; path = MikiTrack.app; sourceTree = BUILT_PRODUCTS_DIR; };
		25629145218DF51E0013C031 /* AppDelegate.swift */ = {isa = PBXFileReference; lastKnownFileType = sourcecode.swift; path = AppDelegate.swift; sourceTree = "<group>"; };
		25629147218DF51E0013C031 /* ViewController.swift */ = {isa = PBXFileReference; lastKnownFileType = sourcecode.swift; path = ViewController.swift; sourceTree = "<group>"; };
		2562914A218DF51E0013C031 /* MikiTrack.xcdatamodel */ = {isa = PBXFileReference; lastKnownFileType = wrapper.xcdatamodel; path = MikiTrack.xcdatamodel; sourceTree = "<group>"; };
		2562914C218DF51F0013C031 /* Assets.xcassets */ = {isa = PBXFileReference; lastKnownFileType = folder.assetcatalog; path = Assets.xcassets; sourceTree = "<group>"; };
		2562914F218DF51F0013C031 /* Base */ = {isa = PBXFileReference; lastKnownFileType = file.storyboard; name = Base; path = Base.lproj/Main.storyboard; sourceTree = "<group>"; };
		25629151218DF51F0013C031 /* Info.plist */ = {isa = PBXFileReference; lastKnownFileType = text.plist.xml; path = Info.plist; sourceTree = "<group>"; };
		25629152218DF51F0013C031 /* MikiTrack.entitlements */ = {isa = PBXFileReference; lastKnownFileType = text.plist.entitlements; path = MikiTrack.entitlements; sourceTree = "<group>"; };
		25629157218DF51F0013C031 /* MikiTrackTests.xctest */ = {isa = PBXFileReference; explicitFileType = wrapper.cfbundle; includeInIndex = 0; path = MikiTrackTests.xctest; sourceTree = BUILT_PRODUCTS_DIR; };
		2562915B218DF51F0013C031 /* MikiTrackTests.swift */ = {isa = PBXFileReference; lastKnownFileType = sourcecode.swift; path = MikiTrackTests.swift; sourceTree = "<group>"; };
		2562915D218DF51F0013C031 /* Info.plist */ = {isa = PBXFileReference; lastKnownFileType = text.plist.xml; path = Info.plist; sourceTree = "<group>"; };
		25629162218DF5200013C031 /* MikiTrackUITests.xctest */ = {isa = PBXFileReference; explicitFileType = wrapper.cfbundle; includeInIndex = 0; path = MikiTrackUITests.xctest; sourceTree = BUILT_PRODUCTS_DIR; };
		25629166218DF5200013C031 /* MikiTrackUITests.swift */ = {isa = PBXFileReference; lastKnownFileType = sourcecode.swift; path = MikiTrackUITests.swift; sourceTree = "<group>"; };
		25629168218DF5200013C031 /* Info.plist */ = {isa = PBXFileReference; lastKnownFileType = text.plist.xml; path = Info.plist; sourceTree = "<group>"; };
/* End PBXFileReference section */

/* Begin PBXFrameworksBuildPhase section */
		2562913F218DF51E0013C031 /* Frameworks */ = {
			isa = PBXFrameworksBuildPhase;
			buildActionMask = 2147483647;
			files = (
			);
			runOnlyForDeploymentPostprocessing = 0;
		};
		25629154218DF51F0013C031 /* Frameworks */ = {
			isa = PBXFrameworksBuildPhase;
			buildActionMask = 2147483647;
			files = (
			);
			runOnlyForDeploymentPostprocessing = 0;
		};
		2562915F218DF5200013C031 /* Frameworks */ = {
			isa = PBXFrameworksBuildPhase;
			buildActionMask = 2147483647;
			files = (
			);
			runOnlyForDeploymentPostprocessing = 0;
		};
/* End PBXFrameworksBuildPhase section */

/* Begin PBXGroup section */
		25629139218DF51E0013C031 = {
			isa = PBXGroup;
			children = (
				25629144218DF51E0013C031 /* MikiTrack */,
				2562915A218DF51F0013C031 /* MikiTrackTests */,
				25629165218DF5200013C031 /* MikiTrackUITests */,
				25629143218DF51E0013C031 /* Products */,
			);
			sourceTree = "<group>";
		};
		25629143218DF51E0013C031 /* Products */ = {
			isa = PBXGroup;
			children = (
				25629142218DF51E0013C031 /* MikiTrack.app */,
				25629157218DF51F0013C031 /* MikiTrackTests.xctest */,
				25629162218DF5200013C031 /* MikiTrackUITests.xctest */,
			);
			name = Products;
			sourceTree = "<group>";
		};
		25629144218DF51E0013C031 /* MikiTrack */ = {
			isa = PBXGroup;
			children = (
				25629145218DF51E0013C031 /* AppDelegate.swift */,
				25629147218DF51E0013C031 /* ViewController.swift */,
				2562914C218DF51F0013C031 /* Assets.xcassets */,
				2562914E218DF51F0013C031 /* Main.storyboard */,
				25629151218DF51F0013C031 /* Info.plist */,
				25629152218DF51F0013C031 /* MikiTrack.entitlements */,
				25629149218DF51E0013C031 /* MikiTrack.xcdatamodeld */,
			);
			path = MikiTrack;
			sourceTree = "<group>";
		};
		2562915A218DF51F0013C031 /* MikiTrackTests */ = {
			isa = PBXGroup;
			children = (
				2562915B218DF51F0013C031 /* MikiTrackTests.swift */,
				2562915D218DF51F0013C031 /* Info.plist */,
			);
			path = MikiTrackTests;
			sourceTree = "<group>";
		};
		25629165218DF5200013C031 /* MikiTrackUITests */ = {
			isa = PBXGroup;
			children = (
				25629166218DF5200013C031 /* MikiTrackUITests.swift */,
				25629168218DF5200013C031 /* Info.plist */,
			);
			path = MikiTrackUITests;
			sourceTree = "<group>";
		};
/* End PBXGroup section */

/* Begin PBXNativeTarget section */
		25629141218DF51E0013C031 /* MikiTrack */ = {
			isa = PBXNativeTarget;
			buildConfigurationList = 2562916B218DF5200013C031 /* Build configuration list for PBXNativeTarget "MikiTrack" */;
			buildPhases = (
				2562913E218DF51E0013C031 /* Sources */,
				2562913F218DF51E0013C031 /* Frameworks */,
				25629140218DF51E0013C031 /* Resources */,
			);
			buildRules = (
			);
			dependencies = (
			);
			name = MikiTrack;
			productName = MikiTrack;
			productReference = 25629142218DF51E0013C031 /* MikiTrack.app */;
			productType = "com.apple.product-type.application";
		};
		25629156218DF51F0013C031 /* MikiTrackTests */ = {
			isa = PBXNativeTarget;
			buildConfigurationList = 2562916E218DF5200013C031 /* Build configuration list for PBXNativeTarget "MikiTrackTests" */;
			buildPhases = (
				25629153218DF51F0013C031 /* Sources */,
				25629154218DF51F0013C031 /* Frameworks */,
				25629155218DF51F0013C031 /* Resources */,
			);
			buildRules = (
			);
			dependencies = (
				25629159218DF51F0013C031 /* PBXTargetDependency */,
			);
			name = MikiTrackTests;
			productName = MikiTrackTests;
			productReference = 25629157218DF51F0013C031 /* MikiTrackTests.xctest */;
			productType = "com.apple.product-type.bundle.unit-test";
		};
		25629161218DF5200013C031 /* MikiTrackUITests */ = {
			isa = PBXNativeTarget;
			buildConfigurationList = 25629171218DF5200013C031 /* Build configuration list for PBXNativeTarget "MikiTrackUITests" */;
			buildPhases = (
				2562915E218DF5200013C031 /* Sources */,
				2562915F218DF5200013C031 /* Frameworks */,
				25629160218DF5200013C031 /* Resources */,
			);
			buildRules = (
			);
			dependencies = (
				25629164218DF5200013C031 /* PBXTargetDependency */,
			);
			name = MikiTrackUITests;
			productName = MikiTrackUITests;
			productReference = 25629162218DF5200013C031 /* MikiTrackUITests.xctest */;
			productType = "com.apple.product-type.bundle.ui-testing";
		};
/* End PBXNativeTarget section */

/* Begin PBXProject section */
		2562913A218DF51E0013C031 /* Project object */ = {
			isa = PBXProject;
			attributes = {
				LastSwiftUpdateCheck = 1010;
				LastUpgradeCheck = 1010;
				ORGANIZATIONNAME = AlienTec;
				TargetAttributes = {
					25629141218DF51E0013C031 = {
						CreatedOnToolsVersion = 10.1;
					};
					25629156218DF51F0013C031 = {
						CreatedOnToolsVersion = 10.1;
						TestTargetID = 25629141218DF51E0013C031;
					};
					25629161218DF5200013C031 = {
						CreatedOnToolsVersion = 10.1;
						TestTargetID = 25629141218DF51E0013C031;
					};
				};
			};
			buildConfigurationList = 2562913D218DF51E0013C031 /* Build configuration list for PBXProject "MikiTrack" */;
			compatibilityVersion = "Xcode 9.3";
			developmentRegion = en;
			hasScannedForEncodings = 0;
			knownRegions = (
				en,
				Base,
			);
			mainGroup = 25629139218DF51E0013C031;
			productRefGroup = 25629143218DF51E0013C031 /* Products */;
			projectDirPath = "";
			projectRoot = "";
			targets = (
				25629141218DF51E0013C031 /* MikiTrack */,
				25629156218DF51F0013C031 /* MikiTrackTests */,
				25629161218DF5200013C031 /* MikiTrackUITests */,
			);
		};
/* End PBXProject section */

/* Begin PBXResourcesBuildPhase section */
		25629140218DF51E0013C031 /* Resources */ = {
			isa = PBXResourcesBuildPhase;
			buildActionMask = 2147483647;
			files = (
				2562914D218DF51F0013C031 /* Assets.xcassets in Resources */,
				25629150218DF51F0013C031 /* Main.storyboard in Resources */,
			);
			runOnlyForDeploymentPostprocessing = 0;
		};
		25629155218DF51F0013C031 /* Resources */ = {
			isa = PBXResourcesBuildPhase;
			buildActionMask = 2147483647;
			files = (
			);
			runOnlyForDeploymentPostprocessing = 0;
		};
		25629160218DF5200013C031 /* Resources */ = {
			isa = PBXResourcesBuildPhase;
			buildActionMask = 2147483647;
			files = (
			);
			runOnlyForDeploymentPostprocessing = 0;
		};
/* End PBXResourcesBuildPhase section */

/* Begin PBXSourcesBuildPhase section */
		2562913E218DF51E0013C031 /* Sources */ = {
			isa = PBXSourcesBuildPhase;
			buildActionMask = 2147483647;
			files = (
				25629148218DF51E0013C031 /* ViewController.swift in Sources */,
				25629146218DF51E0013C031 /* AppDelegate.swift in Sources */,
				2562914B218DF51E0013C031 /* MikiTrack.xcdatamodeld in Sources */,
			);
			runOnlyForDeploymentPostprocessing = 0;
		};
		25629153218DF51F0013C031 /* Sources */ = {
			isa = PBXSourcesBuildPhase;
			buildActionMask = 2147483647;
			files = (
				2562915C218DF51F0013C031 /* MikiTrackTests.swift in Sources */,
			);
			runOnlyForDeploymentPostprocessing = 0;
		};
		2562915E218DF5200013C031 /* Sources */ = {
			isa = PBXSourcesBuildPhase;
			buildActionMask = 2147483647;
			files = (
				25629167218DF5200013C031 /* MikiTrackUITests.swift in Sources */,
			);
			runOnlyForDeploymentPostprocessing = 0;
		};
/* End PBXSourcesBuildPhase section */

/* Begin PBXTargetDependency section */
		25629159218DF51F0013C031 /* PBXTargetDependency */ = {
			isa = PBXTargetDependency;
			target = 25629141218DF51E0013C031 /* MikiTrack */;
			targetProxy = 25629158218DF51F0013C031 /* PBXContainerItemProxy */;
		};
		25629164218DF5200013C031 /* PBXTargetDependency */ = {
			isa = PBXTargetDependency;
			target = 25629141218DF51E0013C031 /* MikiTrack */;
			targetProxy = 25629163218DF5200013C031 /* PBXContainerItemProxy */;
		};
/* End PBXTargetDependency section */

/* Begin PBXVariantGroup section */
		2562914E218DF51F0013C031 /* Main.storyboard */ = {
			isa = PBXVariantGroup;
			children = (
				2562914F218DF51F0013C031 /* Base */,
			);
			name = Main.storyboard;
			sourceTree = "<group>";
		};
/* End PBXVariantGroup section */

/* Begin XCBuildConfiguration section */
		25629169218DF5200013C031 /* Debug */ = {
			isa = XCBuildConfiguration;
			buildSettings = {
				ALWAYS_SEARCH_USER_PATHS = NO;
				CLANG_ANALYZER_NONNULL = YES;
				CLANG_ANALYZER_NUMBER_OBJECT_CONVERSION = YES_AGGRESSIVE;
				CLANG_CXX_LANGUAGE_STANDARD = "gnu++14";
				CLANG_CXX_LIBRARY = "libc++";
				CLANG_ENABLE_MODULES = YES;
				CLANG_ENABLE_OBJC_ARC = YES;
				CLANG_ENABLE_OBJC_WEAK = YES;
				CLANG_WARN_BLOCK_CAPTURE_AUTORELEASING = YES;
				CLANG_WARN_BOOL_CONVERSION = YES;
				CLANG_WARN_COMMA = YES;
				CLANG_WARN_CONSTANT_CONVERSION = YES;
				CLANG_WARN_DEPRECATED_OBJC_IMPLEMENTATIONS = YES;
				CLANG_WARN_DIRECT_OBJC_ISA_USAGE = YES_ERROR;
				CLANG_WARN_DOCUMENTATION_COMMENTS = YES;
				CLANG_WARN_EMPTY_BODY = YES;
				CLANG_WARN_ENUM_CONVERSION = YES;
				CLANG_WARN_INFINITE_RECURSION = YES;
				CLANG_WARN_INT_CONVERSION = YES;
				CLANG_WARN_NON_LITERAL_NULL_CONVERSION = YES;
				CLANG_WARN_OBJC_IMPLICIT_RETAIN_SELF = YES;
				CLANG_WARN_OBJC_LITERAL_CONVERSION = YES;
				CLANG_WARN_OBJC_ROOT_CLASS = YES_ERROR;
				CLANG_WARN_RANGE_LOOP_ANALYSIS = YES;
				CLANG_WARN_STRICT_PROTOTYPES = YES;
				CLANG_WARN_SUSPICIOUS_MOVE = YES;
				CLANG_WARN_UNGUARDED_AVAILABILITY = YES_AGGRESSIVE;
				CLANG_WARN_UNREACHABLE_CODE = YES;
				CLANG_WARN__DUPLICATE_METHOD_MATCH = YES;
				CODE_SIGN_IDENTITY = "-";
				COPY_PHASE_STRIP = NO;
				DEBUG_INFORMATION_FORMAT = dwarf;
				ENABLE_STRICT_OBJC_MSGSEND = YES;
				ENABLE_TESTABILITY = YES;
				GCC_C_LANGUAGE_STANDARD = gnu11;
				GCC_DYNAMIC_NO_PIC = NO;
				GCC_NO_COMMON_BLOCKS = YES;
				GCC_OPTIMIZATION_LEVEL = 0;
				GCC_PREPROCESSOR_DEFINITIONS = (
					"DEBUG=1",
					"$(inherited)",
				);
				GCC_WARN_64_TO_32_BIT_CONVERSION = YES;
				GCC_WARN_ABOUT_RETURN_TYPE = YES_ERROR;
				GCC_WARN_UNDECLARED_SELECTOR = YES;
				GCC_WARN_UNINITIALIZED_AUTOS = YES_AGGRESSIVE;
				GCC_WARN_UNUSED_FUNCTION = YES;
				GCC_WARN_UNUSED_VARIABLE = YES;
				MACOSX_DEPLOYMENT_TARGET = 10.14;
				MTL_ENABLE_DEBUG_INFO = INCLUDE_SOURCE;
				MTL_FAST_MATH = YES;
				ONLY_ACTIVE_ARCH = YES;
				SDKROOT = macosx;
				SWIFT_ACTIVE_COMPILATION_CONDITIONS = DEBUG;
				SWIFT_OPTIMIZATION_LEVEL = "-Onone";
			};
			name = Debug;
		};
		2562916A218DF5200013C031 /* Release */ = {
			isa = XCBuildConfiguration;
			buildSettings = {
				ALWAYS_SEARCH_USER_PATHS = NO;
				CLANG_ANALYZER_NONNULL = YES;
				CLANG_ANALYZER_NUMBER_OBJECT_CONVERSION = YES_AGGRESSIVE;
				CLANG_CXX_LANGUAGE_STANDARD = "gnu++14";
				CLANG_CXX_LIBRARY = "libc++";
				CLANG_ENABLE_MODULES = YES;
				CLANG_ENABLE_OBJC_ARC = YES;
				CLANG_ENABLE_OBJC_WEAK = YES;
				CLANG_WARN_BLOCK_CAPTURE_AUTORELEASING = YES;
				CLANG_WARN_BOOL_CONVERSION = YES;
				CLANG_WARN_COMMA = YES;
				CLANG_WARN_CONSTANT_CONVERSION = YES;
				CLANG_WARN_DEPRECATED_OBJC_IMPLEMENTATIONS = YES;
				CLANG_WARN_DIRECT_OBJC_ISA_USAGE = YES_ERROR;
				CLANG_WARN_DOCUMENTATION_COMMENTS = YES;
				CLANG_WARN_EMPTY_BODY = YES;
				CLANG_WARN_ENUM_CONVERSION = YES;
				CLANG_WARN_INFINITE_RECURSION = YES;
				CLANG_WARN_INT_CONVERSION = YES;
				CLANG_WARN_NON_LITERAL_NULL_CONVERSION = YES;
				CLANG_WARN_OBJC_IMPLICIT_RETAIN_SELF = YES;
				CLANG_WARN_OBJC_LITERAL_CONVERSION = YES;
				CLANG_WARN_OBJC_ROOT_CLASS = YES_ERROR;
				CLANG_WARN_RANGE_LOOP_ANALYSIS = YES;
				CLANG_WARN_STRICT_PROTOTYPES = YES;
				CLANG_WARN_SUSPICIOUS_MOVE = YES;
				CLANG_WARN_UNGUARDED_AVAILABILITY = YES_AGGRESSIVE;
				CLANG_WARN_UNREACHABLE_CODE = YES;
				CLANG_WARN__DUPLICATE_METHOD_MATCH = YES;
				CODE_SIGN_IDENTITY = "-";
				COPY_PHASE_STRIP = NO;
				DEBUG_INFORMATION_FORMAT = "dwarf-with-dsym";
				ENABLE_NS_ASSERTIONS = NO;
				ENABLE_STRICT_OBJC_MSGSEND = YES;
				GCC_C_LANGUAGE_STANDARD = gnu11;
				GCC_NO_COMMON_BLOCKS = YES;
				GCC_WARN_64_TO_32_BIT_CONVERSION = YES;
				GCC_WARN_ABOUT_RETURN_TYPE = YES_ERROR;
				GCC_WARN_UNDECLARED_SELECTOR = YES;
				GCC_WARN_UNINITIALIZED_AUTOS = YES_AGGRESSIVE;
				GCC_WARN_UNUSED_FUNCTION = YES;
				GCC_WARN_UNUSED_VARIABLE = YES;
				MACOSX_DEPLOYMENT_TARGET = 10.14;
				MTL_ENABLE_DEBUG_INFO = NO;
				MTL_FAST_MATH = YES;
				SDKROOT = macosx;
				SWIFT_COMPILATION_MODE = wholemodule;
				SWIFT_OPTIMIZATION_LEVEL = "-O";
			};
			name = Release;
		};
		2562916C218DF5200013C031 /* Debug */ = {
			isa = XCBuildConfiguration;
			buildSettings = {
				ASSETCATALOG_COMPILER_APPICON_NAME = AppIcon;
				CODE_SIGN_ENTITLEMENTS = MikiTrack/MikiTrack.entitlements;
				CODE_SIGN_STYLE = Automatic;
				COMBINE_HIDPI_IMAGES = YES;
				INFOPLIST_FILE = MikiTrack/Info.plist;
				LD_RUNPATH_SEARCH_PATHS = (
					"$(inherited)",
					"@executable_path/../Frameworks",
				);
				PRODUCT_BUNDLE_IDENTIFIER = net.alientec.MikiTrack;
				PRODUCT_NAME = "$(TARGET_NAME)";
				SWIFT_VERSION = 4.2;
			};
			name = Debug;
		};
		2562916D218DF5200013C031 /* Release */ = {
			isa = XCBuildConfiguration;
			buildSettings = {
				ASSETCATALOG_COMPILER_APPICON_NAME = AppIcon;
				CODE_SIGN_ENTITLEMENTS = MikiTrack/MikiTrack.entitlements;
				CODE_SIGN_STYLE = Automatic;
				COMBINE_HIDPI_IMAGES = YES;
				INFOPLIST_FILE = MikiTrack/Info.plist;
				LD_RUNPATH_SEARCH_PATHS = (
					"$(inherited)",
					"@executable_path/../Frameworks",
				);
				PRODUCT_BUNDLE_IDENTIFIER = net.alientec.MikiTrack;
				PRODUCT_NAME = "$(TARGET_NAME)";
				SWIFT_VERSION = 4.2;
			};
			name = Release;
		};
		2562916F218DF5200013C031 /* Debug */ = {
			isa = XCBuildConfiguration;
			buildSettings = {
				ALWAYS_EMBED_SWIFT_STANDARD_LIBRARIES = YES;
				BUNDLE_LOADER = "$(TEST_HOST)";
				CODE_SIGN_STYLE = Automatic;
				COMBINE_HIDPI_IMAGES = YES;
				INFOPLIST_FILE = MikiTrackTests/Info.plist;
				LD_RUNPATH_SEARCH_PATHS = (
					"$(inherited)",
					"@executable_path/../Frameworks",
					"@loader_path/../Frameworks",
				);
				PRODUCT_BUNDLE_IDENTIFIER = net.alientec.MikiTrackTests;
				PRODUCT_NAME = "$(TARGET_NAME)";
				SWIFT_VERSION = 4.2;
				TEST_HOST = "$(BUILT_PRODUCTS_DIR)/MikiTrack.app/Contents/MacOS/MikiTrack";
			};
			name = Debug;
		};
		25629170218DF5200013C031 /* Release */ = {
			isa = XCBuildConfiguration;
			buildSettings = {
				ALWAYS_EMBED_SWIFT_STANDARD_LIBRARIES = YES;
				BUNDLE_LOADER = "$(TEST_HOST)";
				CODE_SIGN_STYLE = Automatic;
				COMBINE_HIDPI_IMAGES = YES;
				INFOPLIST_FILE = MikiTrackTests/Info.plist;
				LD_RUNPATH_SEARCH_PATHS = (
					"$(inherited)",
					"@executable_path/../Frameworks",
					"@loader_path/../Frameworks",
				);
				PRODUCT_BUNDLE_IDENTIFIER = net.alientec.MikiTrackTests;
				PRODUCT_NAME = "$(TARGET_NAME)";
				SWIFT_VERSION = 4.2;
				TEST_HOST = "$(BUILT_PRODUCTS_DIR)/MikiTrack.app/Contents/MacOS/MikiTrack";
			};
			name = Release;
		};
		25629172218DF5200013C031 /* Debug */ = {
			isa = XCBuildConfiguration;
			buildSettings = {
				ALWAYS_EMBED_SWIFT_STANDARD_LIBRARIES = YES;
				CODE_SIGN_STYLE = Automatic;
				COMBINE_HIDPI_IMAGES = YES;
				INFOPLIST_FILE = MikiTrackUITests/Info.plist;
				LD_RUNPATH_SEARCH_PATHS = (
					"$(inherited)",
					"@executable_path/../Frameworks",
					"@loader_path/../Frameworks",
				);
				PRODUCT_BUNDLE_IDENTIFIER = net.alientec.MikiTrackUITests;
				PRODUCT_NAME = "$(TARGET_NAME)";
				SWIFT_VERSION = 4.2;
				TEST_TARGET_NAME = MikiTrack;
			};
			name = Debug;
		};
		25629173218DF5200013C031 /* Release */ = {
			isa = XCBuildConfiguration;
			buildSettings = {
				ALWAYS_EMBED_SWIFT_STANDARD_LIBRARIES = YES;
				CODE_SIGN_STYLE = Automatic;
				COMBINE_HIDPI_IMAGES = YES;
				INFOPLIST_FILE = MikiTrackUITests/Info.plist;
				LD_RUNPATH_SEARCH_PATHS = (
					"$(inherited)",
					"@executable_path/../Frameworks",
					"@loader_path/../Frameworks",
				);
				PRODUCT_BUNDLE_IDENTIFIER = net.alientec.MikiTrackUITests;
				PRODUCT_NAME = "$(TARGET_NAME)";
				SWIFT_VERSION = 4.2;
				TEST_TARGET_NAME = MikiTrack;
			};
			name = Release;
		};
/* End XCBuildConfiguration section */

/* Begin XCConfigurationList section */
		2562913D218DF51E0013C031 /* Build configuration list for PBXProject "MikiTrack" */ = {
			isa = XCConfigurationList;
			buildConfigurations = (
				25629169218DF5200013C031 /* Debug */,
				2562916A218DF5200013C031 /* Release */,
			);
			defaultConfigurationIsVisible = 0;
			defaultConfigurationName = Release;
		};
		2562916B218DF5200013C031 /* Build configuration list for PBXNativeTarget "MikiTrack" */ = {
			isa = XCConfigurationList;
			buildConfigurations = (
				2562916C218DF5200013C031 /* Debug */,
				2562916D218DF5200013C031 /* Release */,
			);
			defaultConfigurationIsVisible = 0;
			defaultConfigurationName = Release;
		};
		2562916E218DF5200013C031 /* Build configuration list for PBXNativeTarget "MikiTrackTests" */ = {
			isa = XCConfigurationList;
			buildConfigurations = (
				2562916F218DF5200013C031 /* Debug */,
				25629170218DF5200013C031 /* Release */,
			);
			defaultConfigurationIsVisible = 0;
			defaultConfigurationName = Release;
		};
		25629171218DF5200013C031 /* Build configuration list for PBXNativeTarget "MikiTrackUITests" */ = {
			isa = XCConfigurationList;
			buildConfigurations = (
				25629172218DF5200013C031 /* Debug */,
				25629173218DF5200013C031 /* Release */,
			);
			defaultConfigurationIsVisible = 0;
			defaultConfigurationName = Release;
		};
/* End XCConfigurationList section */

/* Begin XCVersionGroup section */
		25629149218DF51E0013C031 /* MikiTrack.xcdatamodeld */ = {
			isa = XCVersionGroup;
			children = (
				2562914A218DF51E0013C031 /* MikiTrack.xcdatamodel */,
			);
			currentVersion = 2562914A218DF51E0013C031 /* MikiTrack.xcdatamodel */;
			path = MikiTrack.xcdatamodeld;
			sourceTree = "<group>";
			versionGroupType = wrapper.xcdatamodel;
		};
/* End XCVersionGroup section */
	};
	rootObject = 2562913A218DF51E0013C031 /* Project object */;
}
